
Microsoft Visual Studio Solution File, Format Version 12.00
# Visual Studio 2013
VisualStudioVersion = 12.0.31101.0
MinimumVisualStudioVersion = 10.0.40219.1
Project("{FAE04EC0-301F-11D3-BF4B-00C04F79EFBC}") = "University-Management", "ProjectDay5Build1\University-Management.csproj", "{B30F146F-09CA-43E9-A9E9-9DDFEB8BD481}"
EndProject
Global
	GlobalSection(SolutionConfigurationPlatforms) = preSolution
		Debug|Any CPU = Debug|Any CPU
		Release|Any CPU = Release|Any CPU
	EndGlobalSection
	GlobalSection(ProjectConfigurationPlatforms) = postSolution
		{B30F146F-09CA-43E9-A9E9-9DDFEB8BD481}.Debug|Any CPU.ActiveCfg = Debug|Any CPU
		{B30F146F-09CA-43E9-A9E9-9DDFEB8BD481}.Debug|Any CPU.Build.0 = Debug|Any CPU
		{B30F146F-09CA-43E9-A9E9-9DDFEB8BD481}.Release|Any CPU.ActiveCfg = Release|Any CPU
		{B30F146F-09CA-43E9-A9E9-9DDFEB8BD481}.Release|Any CPU.Build.0 = Release|Any CPU
	EndGlobalSection
	GlobalSection(SolutionProperties) = preSolution
		HideSolutionNode = FALSE
	EndGlobalSection
EndGlobal
